
Microsoft Visual Studio Solution File, Format Version 12.00
# Visual Studio Version 17
VisualStudioVersion = 17.3.32901.215
MinimumVisualStudioVersion = 10.0.40219.1
Project("{FAE04EC0-301F-11D3-BF4B-00C04F79EFBC}") = "P6_1_1214073", "P6_1_1214073\P6_1_1214073.csproj", "{B99F22C9-27A1-4505-91C5-39635B442E4B}"
EndProject
Global
	GlobalSection(SolutionConfigurationPlatforms) = preSolution
		Debug|Any CPU = Debug|Any CPU
		Release|Any CPU = Release|Any CPU
	EndGlobalSection
	GlobalSection(ProjectConfigurationPlatforms) = postSolution
		{B99F22C9-27A1-4505-91C5-39635B442E4B}.Debug|Any CPU.ActiveCfg = Debug|Any CPU
		{B99F22C9-27A1-4505-91C5-39635B442E4B}.Debug|Any CPU.Build.0 = Debug|Any CPU
		{B99F22C9-27A1-4505-91C5-39635B442E4B}.Release|Any CPU.ActiveCfg = Release|Any CPU
		{B99F22C9-27A1-4505-91C5-39635B442E4B}.Release|Any CPU.Build.0 = Release|Any CPU
	EndGlobalSection
	GlobalSection(SolutionProperties) = preSolution
		HideSolutionNode = FALSE
	EndGlobalSection
	GlobalSection(ExtensibilityGlobals) = postSolution
		SolutionGuid = {CFEBED4D-813F-4474-B164-9700886672A7}
	EndGlobalSection
EndGlobal
